// !$*UTF8*$!
{
	archiveVersion = 1;
	classes = {
	};
	objectVersion = 56;
	objects = {

/* Begin PBXBuildFile section */
		38985B4D2AB83E0A00BBDF5E /* AppDelegate.swift in Sources */ = {isa = PBXBuildFile; fileRef = 38985B4C2AB83E0A00BBDF5E /* AppDelegate.swift */; };
		38985B4F2AB83E0A00BBDF5E /* SceneDelegate.swift in Sources */ = {isa = PBXBuildFile; fileRef = 38985B4E2AB83E0A00BBDF5E /* SceneDelegate.swift */; };
		38985B562AB83E0B00BBDF5E /* Assets.xcassets in Resources */ = {isa = PBXBuildFile; fileRef = 38985B552AB83E0B00BBDF5E /* Assets.xcassets */; };
		38985B592AB83E0B00BBDF5E /* LaunchScreen.storyboard in Resources */ = {isa = PBXBuildFile; fileRef = 38985B572AB83E0B00BBDF5E /* LaunchScreen.storyboard */; };
		38985B6B2AB8439D00BBDF5E /* RandomPhotoViewController.swift in Sources */ = {isa = PBXBuildFile; fileRef = 38985B6A2AB8439D00BBDF5E /* RandomPhotoViewController.swift */; };
		38985B6E2AB8626D00BBDF5E /* BaseViewController.swift in Sources */ = {isa = PBXBuildFile; fileRef = 38985B6D2AB8626D00BBDF5E /* BaseViewController.swift */; };
		38985B762AB87F5700BBDF5E /* MovieSignupViewController.swift in Sources */ = {isa = PBXBuildFile; fileRef = 38985B752AB87F5700BBDF5E /* MovieSignupViewController.swift */; };
		38985B782AB8808500BBDF5E /* MovieSignupTextField.swift in Sources */ = {isa = PBXBuildFile; fileRef = 38985B772AB8808500BBDF5E /* MovieSignupTextField.swift */; };
/* End PBXBuildFile section */

/* Begin PBXFileReference section */
		38985B492AB83E0A00BBDF5E /* Andyflix.app */ = {isa = PBXFileReference; explicitFileType = wrapper.application; includeInIndex = 0; path = Andyflix.app; sourceTree = BUILT_PRODUCTS_DIR; };
		38985B4C2AB83E0A00BBDF5E /* AppDelegate.swift */ = {isa = PBXFileReference; lastKnownFileType = sourcecode.swift; path = AppDelegate.swift; sourceTree = "<group>"; };
		38985B4E2AB83E0A00BBDF5E /* SceneDelegate.swift */ = {isa = PBXFileReference; lastKnownFileType = sourcecode.swift; path = SceneDelegate.swift; sourceTree = "<group>"; };
		38985B552AB83E0B00BBDF5E /* Assets.xcassets */ = {isa = PBXFileReference; lastKnownFileType = folder.assetcatalog; path = Assets.xcassets; sourceTree = "<group>"; };
		38985B582AB83E0B00BBDF5E /* Base */ = {isa = PBXFileReference; lastKnownFileType = file.storyboard; name = Base; path = Base.lproj/LaunchScreen.storyboard; sourceTree = "<group>"; };
		38985B5A2AB83E0B00BBDF5E /* Info.plist */ = {isa = PBXFileReference; lastKnownFileType = text.plist.xml; path = Info.plist; sourceTree = "<group>"; };
		38985B6A2AB8439D00BBDF5E /* RandomPhotoViewController.swift */ = {isa = PBXFileReference; lastKnownFileType = sourcecode.swift; path = RandomPhotoViewController.swift; sourceTree = "<group>"; };
		38985B6D2AB8626D00BBDF5E /* BaseViewController.swift */ = {isa = PBXFileReference; lastKnownFileType = sourcecode.swift; path = BaseViewController.swift; sourceTree = "<group>"; };
		38985B752AB87F5700BBDF5E /* MovieSignupViewController.swift */ = {isa = PBXFileReference; lastKnownFileType = sourcecode.swift; path = MovieSignupViewController.swift; sourceTree = "<group>"; };
		38985B772AB8808500BBDF5E /* MovieSignupTextField.swift */ = {isa = PBXFileReference; lastKnownFileType = sourcecode.swift; path = MovieSignupTextField.swift; sourceTree = "<group>"; };
/* End PBXFileReference section */

/* Begin PBXFrameworksBuildPhase section */
		38985B462AB83E0A00BBDF5E /* Frameworks */ = {
			isa = PBXFrameworksBuildPhase;
			buildActionMask = 2147483647;
			files = (
			);
			runOnlyForDeploymentPostprocessing = 0;
		};
/* End PBXFrameworksBuildPhase section */

/* Begin PBXGroup section */
		38985B402AB83E0A00BBDF5E = {
			isa = PBXGroup;
			children = (
				38985B4B2AB83E0A00BBDF5E /* Andyflix */,
				38985B4A2AB83E0A00BBDF5E /* Products */,
			);
			sourceTree = "<group>";
		};
		38985B4A2AB83E0A00BBDF5E /* Products */ = {
			isa = PBXGroup;
			children = (
				38985B492AB83E0A00BBDF5E /* Andyflix.app */,
			);
			name = Products;
			sourceTree = "<group>";
		};
		38985B4B2AB83E0A00BBDF5E /* Andyflix */ = {
			isa = PBXGroup;
			children = (
				38985B672AB8425E00BBDF5E /* Utility */,
				38985B602AB841F200BBDF5E /* Application */,
				38985B552AB83E0B00BBDF5E /* Assets.xcassets */,
				38985B5A2AB83E0B00BBDF5E /* Info.plist */,
				38985B652AB8423700BBDF5E /* Model */,
				38985B632AB8420E00BBDF5E /* Storyboard */,
				38985B622AB8420000BBDF5E /* View */,
				38985B662AB8424400BBDF5E /* ViewModel */,
			);
			path = Andyflix;
			sourceTree = "<group>";
		};
		38985B602AB841F200BBDF5E /* Application */ = {
			isa = PBXGroup;
			children = (
				38985B4C2AB83E0A00BBDF5E /* AppDelegate.swift */,
				38985B4E2AB83E0A00BBDF5E /* SceneDelegate.swift */,
			);
			path = Application;
			sourceTree = "<group>";
		};
		38985B622AB8420000BBDF5E /* View */ = {
			isa = PBXGroup;
			children = (
				38985B752AB87F5700BBDF5E /* MovieSignupViewController.swift */,
				38985B6A2AB8439D00BBDF5E /* RandomPhotoViewController.swift */,
			);
			path = View;
			sourceTree = "<group>";
		};
		38985B632AB8420E00BBDF5E /* Storyboard */ = {
			isa = PBXGroup;
			children = (
				38985B572AB83E0B00BBDF5E /* LaunchScreen.storyboard */,
			);
			path = Storyboard;
			sourceTree = "<group>";
		};
		38985B652AB8423700BBDF5E /* Model */ = {
			isa = PBXGroup;
			children = (
			);
			path = Model;
			sourceTree = "<group>";
		};
		38985B662AB8424400BBDF5E /* ViewModel */ = {
			isa = PBXGroup;
			children = (
			);
			path = ViewModel;
			sourceTree = "<group>";
		};
		38985B672AB8425E00BBDF5E /* Utility */ = {
			isa = PBXGroup;
			children = (
				38985B722AB8697F00BBDF5E /* Observable */,
				38985B6F2AB864C200BBDF5E /* CustomView */,
				38985B6C2AB8626600BBDF5E /* Base */,
			);
			path = Utility;
			sourceTree = "<group>";
		};
		38985B6C2AB8626600BBDF5E /* Base */ = {
			isa = PBXGroup;
			children = (
				38985B6D2AB8626D00BBDF5E /* BaseViewController.swift */,
			);
			path = Base;
			sourceTree = "<group>";
		};
		38985B6F2AB864C200BBDF5E /* CustomView */ = {
			isa = PBXGroup;
			children = (
				38985B772AB8808500BBDF5E /* MovieSignupTextField.swift */,
			);
			path = CustomView;
			sourceTree = "<group>";
		};
		38985B722AB8697F00BBDF5E /* Observable */ = {
			isa = PBXGroup;
			children = (
			);
			path = Observable;
			sourceTree = "<group>";
		};
/* End PBXGroup section */

/* Begin PBXNativeTarget section */
		38985B482AB83E0A00BBDF5E /* Andyflix */ = {
			isa = PBXNativeTarget;
			buildConfigurationList = 38985B5D2AB83E0B00BBDF5E /* Build configuration list for PBXNativeTarget "Andyflix" */;
			buildPhases = (
				38985B452AB83E0A00BBDF5E /* Sources */,
				38985B462AB83E0A00BBDF5E /* Frameworks */,
				38985B472AB83E0A00BBDF5E /* Resources */,
			);
			buildRules = (
			);
			dependencies = (
			);
			name = Andyflix;
			productName = Andyflix;
			productReference = 38985B492AB83E0A00BBDF5E /* Andyflix.app */;
			productType = "com.apple.product-type.application";
		};
/* End PBXNativeTarget section */

/* Begin PBXProject section */
		38985B412AB83E0A00BBDF5E /* Project object */ = {
			isa = PBXProject;
			attributes = {
				BuildIndependentTargetsInParallel = 1;
				LastSwiftUpdateCheck = 1430;
				LastUpgradeCheck = 1430;
				TargetAttributes = {
					38985B482AB83E0A00BBDF5E = {
						CreatedOnToolsVersion = 14.3.1;
					};
				};
			};
			buildConfigurationList = 38985B442AB83E0A00BBDF5E /* Build configuration list for PBXProject "Andyflix" */;
			compatibilityVersion = "Xcode 14.0";
			developmentRegion = en;
			hasScannedForEncodings = 0;
			knownRegions = (
				en,
				Base,
			);
			mainGroup = 38985B402AB83E0A00BBDF5E;
			productRefGroup = 38985B4A2AB83E0A00BBDF5E /* Products */;
			projectDirPath = "";
			projectRoot = "";
			targets = (
				38985B482AB83E0A00BBDF5E /* Andyflix */,
			);
		};
/* End PBXProject section */

/* Begin PBXResourcesBuildPhase section */
		38985B472AB83E0A00BBDF5E /* Resources */ = {
			isa = PBXResourcesBuildPhase;
			buildActionMask = 2147483647;
			files = (
				38985B592AB83E0B00BBDF5E /* LaunchScreen.storyboard in Resources */,
				38985B562AB83E0B00BBDF5E /* Assets.xcassets in Resources */,
			);
			runOnlyForDeploymentPostprocessing = 0;
		};
/* End PBXResourcesBuildPhase section */

/* Begin PBXSourcesBuildPhase section */
		38985B452AB83E0A00BBDF5E /* Sources */ = {
			isa = PBXSourcesBuildPhase;
			buildActionMask = 2147483647;
			files = (
				38985B6E2AB8626D00BBDF5E /* BaseViewController.swift in Sources */,
				38985B6B2AB8439D00BBDF5E /* RandomPhotoViewController.swift in Sources */,
				38985B782AB8808500BBDF5E /* MovieSignupTextField.swift in Sources */,
				38985B4D2AB83E0A00BBDF5E /* AppDelegate.swift in Sources */,
				38985B4F2AB83E0A00BBDF5E /* SceneDelegate.swift in Sources */,
				38985B762AB87F5700BBDF5E /* MovieSignupViewController.swift in Sources */,
			);
			runOnlyForDeploymentPostprocessing = 0;
		};
/* End PBXSourcesBuildPhase section */

/* Begin PBXVariantGroup section */
		38985B572AB83E0B00BBDF5E /* LaunchScreen.storyboard */ = {
			isa = PBXVariantGroup;
			children = (
				38985B582AB83E0B00BBDF5E /* Base */,
			);
			name = LaunchScreen.storyboard;
			sourceTree = "<group>";
		};
/* End PBXVariantGroup section */

/* Begin XCBuildConfiguration section */
		38985B5B2AB83E0B00BBDF5E /* Debug */ = {
			isa = XCBuildConfiguration;
			buildSettings = {
				ALWAYS_SEARCH_USER_PATHS = NO;
				CLANG_ANALYZER_NONNULL = YES;
				CLANG_ANALYZER_NUMBER_OBJECT_CONVERSION = YES_AGGRESSIVE;
				CLANG_CXX_LANGUAGE_STANDARD = "gnu++20";
				CLANG_ENABLE_MODULES = YES;
				CLANG_ENABLE_OBJC_ARC = YES;
				CLANG_ENABLE_OBJC_WEAK = YES;
				CLANG_WARN_BLOCK_CAPTURE_AUTORELEASING = YES;
				CLANG_WARN_BOOL_CONVERSION = YES;
				CLANG_WARN_COMMA = YES;
				CLANG_WARN_CONSTANT_CONVERSION = YES;
				CLANG_WARN_DEPRECATED_OBJC_IMPLEMENTATIONS = YES;
				CLANG_WARN_DIRECT_OBJC_ISA_USAGE = YES_ERROR;
				CLANG_WARN_DOCUMENTATION_COMMENTS = YES;
				CLANG_WARN_EMPTY_BODY = YES;
				CLANG_WARN_ENUM_CONVERSION = YES;
				CLANG_WARN_INFINITE_RECURSION = YES;
				CLANG_WARN_INT_CONVERSION = YES;
				CLANG_WARN_NON_LITERAL_NULL_CONVERSION = YES;
				CLANG_WARN_OBJC_IMPLICIT_RETAIN_SELF = YES;
				CLANG_WARN_OBJC_LITERAL_CONVERSION = YES;
				CLANG_WARN_OBJC_ROOT_CLASS = YES_ERROR;
				CLANG_WARN_QUOTED_INCLUDE_IN_FRAMEWORK_HEADER = YES;
				CLANG_WARN_RANGE_LOOP_ANALYSIS = YES;
				CLANG_WARN_STRICT_PROTOTYPES = YES;
				CLANG_WARN_SUSPICIOUS_MOVE = YES;
				CLANG_WARN_UNGUARDED_AVAILABILITY = YES_AGGRESSIVE;
				CLANG_WARN_UNREACHABLE_CODE = YES;
				CLANG_WARN__DUPLICATE_METHOD_MATCH = YES;
				COPY_PHASE_STRIP = NO;
				DEBUG_INFORMATION_FORMAT = dwarf;
				ENABLE_STRICT_OBJC_MSGSEND = YES;
				ENABLE_TESTABILITY = YES;
				GCC_C_LANGUAGE_STANDARD = gnu11;
				GCC_DYNAMIC_NO_PIC = NO;
				GCC_NO_COMMON_BLOCKS = YES;
				GCC_OPTIMIZATION_LEVEL = 0;
				GCC_PREPROCESSOR_DEFINITIONS = (
					"DEBUG=1",
					"$(inherited)",
				);
				GCC_WARN_64_TO_32_BIT_CONVERSION = YES;
				GCC_WARN_ABOUT_RETURN_TYPE = YES_ERROR;
				GCC_WARN_UNDECLARED_SELECTOR = YES;
				GCC_WARN_UNINITIALIZED_AUTOS = YES_AGGRESSIVE;
				GCC_WARN_UNUSED_FUNCTION = YES;
				GCC_WARN_UNUSED_VARIABLE = YES;
				IPHONEOS_DEPLOYMENT_TARGET = 16.4;
				MTL_ENABLE_DEBUG_INFO = INCLUDE_SOURCE;
				MTL_FAST_MATH = YES;
				ONLY_ACTIVE_ARCH = YES;
				SDKROOT = iphoneos;
				SWIFT_ACTIVE_COMPILATION_CONDITIONS = DEBUG;
				SWIFT_OPTIMIZATION_LEVEL = "-Onone";
			};
			name = Debug;
		};
		38985B5C2AB83E0B00BBDF5E /* Release */ = {
			isa = XCBuildConfiguration;
			buildSettings = {
				ALWAYS_SEARCH_USER_PATHS = NO;
				CLANG_ANALYZER_NONNULL = YES;
				CLANG_ANALYZER_NUMBER_OBJECT_CONVERSION = YES_AGGRESSIVE;
				CLANG_CXX_LANGUAGE_STANDARD = "gnu++20";
				CLANG_ENABLE_MODULES = YES;
				CLANG_ENABLE_OBJC_ARC = YES;
				CLANG_ENABLE_OBJC_WEAK = YES;
				CLANG_WARN_BLOCK_CAPTURE_AUTORELEASING = YES;
				CLANG_WARN_BOOL_CONVERSION = YES;
				CLANG_WARN_COMMA = YES;
				CLANG_WARN_CONSTANT_CONVERSION = YES;
				CLANG_WARN_DEPRECATED_OBJC_IMPLEMENTATIONS = YES;
				CLANG_WARN_DIRECT_OBJC_ISA_USAGE = YES_ERROR;
				CLANG_WARN_DOCUMENTATION_COMMENTS = YES;
				CLANG_WARN_EMPTY_BODY = YES;
				CLANG_WARN_ENUM_CONVERSION = YES;
				CLANG_WARN_INFINITE_RECURSION = YES;
				CLANG_WARN_INT_CONVERSION = YES;
				CLANG_WARN_NON_LITERAL_NULL_CONVERSION = YES;
				CLANG_WARN_OBJC_IMPLICIT_RETAIN_SELF = YES;
				CLANG_WARN_OBJC_LITERAL_CONVERSION = YES;
				CLANG_WARN_OBJC_ROOT_CLASS = YES_ERROR;
				CLANG_WARN_QUOTED_INCLUDE_IN_FRAMEWORK_HEADER = YES;
				CLANG_WARN_RANGE_LOOP_ANALYSIS = YES;
				CLANG_WARN_STRICT_PROTOTYPES = YES;
				CLANG_WARN_SUSPICIOUS_MOVE = YES;
				CLANG_WARN_UNGUARDED_AVAILABILITY = YES_AGGRESSIVE;
				CLANG_WARN_UNREACHABLE_CODE = YES;
				CLANG_WARN__DUPLICATE_METHOD_MATCH = YES;
				COPY_PHASE_STRIP = NO;
				DEBUG_INFORMATION_FORMAT = "dwarf-with-dsym";
				ENABLE_NS_ASSERTIONS = NO;
				ENABLE_STRICT_OBJC_MSGSEND = YES;
				GCC_C_LANGUAGE_STANDARD = gnu11;
				GCC_NO_COMMON_BLOCKS = YES;
				GCC_WARN_64_TO_32_BIT_CONVERSION = YES;
				GCC_WARN_ABOUT_RETURN_TYPE = YES_ERROR;
				GCC_WARN_UNDECLARED_SELECTOR = YES;
				GCC_WARN_UNINITIALIZED_AUTOS = YES_AGGRESSIVE;
				GCC_WARN_UNUSED_FUNCTION = YES;
				GCC_WARN_UNUSED_VARIABLE = YES;
				IPHONEOS_DEPLOYMENT_TARGET = 16.4;
				MTL_ENABLE_DEBUG_INFO = NO;
				MTL_FAST_MATH = YES;
				SDKROOT = iphoneos;
				SWIFT_COMPILATION_MODE = wholemodule;
				SWIFT_OPTIMIZATION_LEVEL = "-O";
				VALIDATE_PRODUCT = YES;
			};
			name = Release;
		};
		38985B5E2AB83E0B00BBDF5E /* Debug */ = {
			isa = XCBuildConfiguration;
			buildSettings = {
				ASSETCATALOG_COMPILER_APPICON_NAME = AppIcon;
				ASSETCATALOG_COMPILER_GLOBAL_ACCENT_COLOR_NAME = AccentColor;
				CODE_SIGN_STYLE = Automatic;
				CURRENT_PROJECT_VERSION = 1;
				DEVELOPMENT_TEAM = 3UNP2C529F;
				GENERATE_INFOPLIST_FILE = YES;
				INFOPLIST_FILE = Andyflix/Info.plist;
				INFOPLIST_KEY_UIApplicationSupportsIndirectInputEvents = YES;
				INFOPLIST_KEY_UILaunchStoryboardName = LaunchScreen;
				INFOPLIST_KEY_UISupportedInterfaceOrientations = UIInterfaceOrientationPortrait;
				INFOPLIST_KEY_UISupportedInterfaceOrientations_iPad = "UIInterfaceOrientationLandscapeLeft UIInterfaceOrientationLandscapeRight UIInterfaceOrientationPortrait UIInterfaceOrientationPortraitUpsideDown";
				IPHONEOS_DEPLOYMENT_TARGET = 16.0;
				LD_RUNPATH_SEARCH_PATHS = (
					"$(inherited)",
					"@executable_path/Frameworks",
				);
				MARKETING_VERSION = 1.0;
				PRODUCT_BUNDLE_IDENTIFIER = com.andyarchive.Andyflix;
				PRODUCT_NAME = "$(TARGET_NAME)";
				SUPPORTED_PLATFORMS = "iphoneos iphonesimulator";
				SUPPORTS_MACCATALYST = NO;
				SUPPORTS_MAC_DESIGNED_FOR_IPHONE_IPAD = NO;
				SWIFT_EMIT_LOC_STRINGS = YES;
				SWIFT_VERSION = 5.0;
				TARGETED_DEVICE_FAMILY = 1;
			};
			name = Debug;
		};
		38985B5F2AB83E0B00BBDF5E /* Release */ = {
			isa = XCBuildConfiguration;
			buildSettings = {
				ASSETCATALOG_COMPILER_APPICON_NAME = AppIcon;
				ASSETCATALOG_COMPILER_GLOBAL_ACCENT_COLOR_NAME = AccentColor;
				CODE_SIGN_STYLE = Automatic;
				CURRENT_PROJECT_VERSION = 1;
				DEVELOPMENT_TEAM = 3UNP2C529F;
				GENERATE_INFOPLIST_FILE = YES;
				INFOPLIST_FILE = Andyflix/Info.plist;
				INFOPLIST_KEY_UIApplicationSupportsIndirectInputEvents = YES;
				INFOPLIST_KEY_UILaunchStoryboardName = LaunchScreen;
				INFOPLIST_KEY_UISupportedInterfaceOrientations = UIInterfaceOrientationPortrait;
				INFOPLIST_KEY_UISupportedInterfaceOrientations_iPad = "UIInterfaceOrientationLandscapeLeft UIInterfaceOrientationLandscapeRight UIInterfaceOrientationPortrait UIInterfaceOrientationPortraitUpsideDown";
				IPHONEOS_DEPLOYMENT_TARGET = 16.0;
				LD_RUNPATH_SEARCH_PATHS = (
					"$(inherited)",
					"@executable_path/Frameworks",
				);
				MARKETING_VERSION = 1.0;
				PRODUCT_BUNDLE_IDENTIFIER = com.andyarchive.Andyflix;
				PRODUCT_NAME = "$(TARGET_NAME)";
				SUPPORTED_PLATFORMS = "iphoneos iphonesimulator";
				SUPPORTS_MACCATALYST = NO;
				SUPPORTS_MAC_DESIGNED_FOR_IPHONE_IPAD = NO;
				SWIFT_EMIT_LOC_STRINGS = YES;
				SWIFT_VERSION = 5.0;
				TARGETED_DEVICE_FAMILY = 1;
			};
			name = Release;
		};
/* End XCBuildConfiguration section */

/* Begin XCConfigurationList section */
		38985B442AB83E0A00BBDF5E /* Build configuration list for PBXProject "Andyflix" */ = {
			isa = XCConfigurationList;
			buildConfigurations = (
				38985B5B2AB83E0B00BBDF5E /* Debug */,
				38985B5C2AB83E0B00BBDF5E /* Release */,
			);
			defaultConfigurationIsVisible = 0;
			defaultConfigurationName = Release;
		};
		38985B5D2AB83E0B00BBDF5E /* Build configuration list for PBXNativeTarget "Andyflix" */ = {
			isa = XCConfigurationList;
			buildConfigurations = (
				38985B5E2AB83E0B00BBDF5E /* Debug */,
				38985B5F2AB83E0B00BBDF5E /* Release */,
			);
			defaultConfigurationIsVisible = 0;
			defaultConfigurationName = Release;
		};
/* End XCConfigurationList section */
	};
	rootObject = 38985B412AB83E0A00BBDF5E /* Project object */;
}
